
Microsoft Visual Studio Solution File, Format Version 12.00
# Visual Studio Version 17
VisualStudioVersion = 17.7.34018.315
MinimumVisualStudioVersion = 10.0.40219.1
Project("{FAE04EC0-301F-11D3-BF4B-00C04F79EFBC}") = "PruebaSem5", "PruebaSem5\PruebaSem5.csproj", "{56FCDFFC-91D4-4E5F-AF84-97DD23E355A4}"
EndProject
Global
	GlobalSection(SolutionConfigurationPlatforms) = preSolution
		Debug|Any CPU = Debug|Any CPU
		Release|Any CPU = Release|Any CPU
	EndGlobalSection
	GlobalSection(ProjectConfigurationPlatforms) = postSolution
		{56FCDFFC-91D4-4E5F-AF84-97DD23E355A4}.Debug|Any CPU.ActiveCfg = Debug|Any CPU
		{56FCDFFC-91D4-4E5F-AF84-97DD23E355A4}.Debug|Any CPU.Build.0 = Debug|Any CPU
		{56FCDFFC-91D4-4E5F-AF84-97DD23E355A4}.Release|Any CPU.ActiveCfg = Release|Any CPU
		{56FCDFFC-91D4-4E5F-AF84-97DD23E355A4}.Release|Any CPU.Build.0 = Release|Any CPU
	EndGlobalSection
	GlobalSection(SolutionProperties) = preSolution
		HideSolutionNode = FALSE
	EndGlobalSection
	GlobalSection(ExtensibilityGlobals) = postSolution
		SolutionGuid = {30DAA2C7-8073-4FF6-BF75-4C4CBDE1DA87}
	EndGlobalSection
EndGlobal
